{
  "originHash" : "113b9da8ee7359365dc4dfc9a1c81a3f926dee27ce7039dc90db6e918cab7150",
  "pins" : [
    {
      "identity" : "ifixfloat",
      "kind" : "remoteSourceControl",
      "location" : "https://github.com/iShape-Swift/iFixFloat",
      "state" : {
        "revision" : "c5c9a1fa50d8e6822a5ac8cd1385bc21196cb1bb",
        "version" : "1.9.0"
      }
    },
    {
      "identity" : "ioverlay",
      "kind" : "remoteSourceControl",
      "location" : "https://github.com/iShape-Swift/iOverlay",
      "state" : {
        "revision" : "6a505d514485f7c0d059492e0386d668123441af",
        "version" : "1.22.0"
      }
    },
    {
      "identity" : "ishape",
      "kind" : "remoteSourceControl",
      "location" : "https://github.com/iShape-Swift/iShape",
      "state" : {
        "revision" : "5093a243acb8bad08545a74165bd82aa84fda313",
        "version" : "1.13.0"
      }
    },
    {
      "identity" : "itree",
      "kind" : "remoteSourceControl",
      "location" : "https://github.com/iShape-Swift/iTree",
      "state" : {
        "revision" : "e0c99fc3fceb69d8d5b05766202d64af1e670bbf",
        "version" : "0.5.0"
      }
    },
    {
      "identity" : "opencv-spm",
      "kind" : "remoteSourceControl",
      "location" : "https://github.com/yeatse/opencv-spm",
      "state" : {
        "revision" : "151a5374946aa867ff3892e0d69fd85e1ecdaf2e",
        "version" : "4.13.0"
      }
    },
    {
      "identity" : "swift-cmark",
      "kind" : "remoteSourceControl",
      "location" : "https://github.com/swiftlang/swift-cmark.git",
      "state" : {
        "revision" : "924936d0427cb25a61169739a7660230bffa6ea6",
        "version" : "0.8.0"
      }
    },
    {
      "identity" : "swift-markdown",
      "kind" : "remoteSourceControl",
      "location" : "https://github.com/apple/swift-markdown",
      "state" : {
        "revision" : "3c6f9523da3a1ec2fd829673e472d95b8097a3b8",
        "version" : "0.8.0"
      }
    }
  ],
  "version" : 3
}
